// !$*UTF8*$!
{
	archiveVersion = 1;
	classes = {
	};
	objectVersion = 50;
	objects = {

/* Begin PBXBuildFile section */
		3E96CE1B222227B8008974B0 /* Textures in Resources */ = {isa = PBXBuildFile; fileRef = 3E96CE1A222227B8008974B0 /* Textures */; };
		3EE5B9BD22212CF70029A05C /* AppDelegate.swift in Sources */ = {isa = PBXBuildFile; fileRef = 3EE5B9BC22212CF70029A05C /* AppDelegate.swift */; };
		3EE5B9BF22212CF70029A05C /* ViewController.swift in Sources */ = {isa = PBXBuildFile; fileRef = 3EE5B9BE22212CF70029A05C /* ViewController.swift */; };
		3EE5B9C222212CF70029A05C /* Main.storyboard in Resources */ = {isa = PBXBuildFile; fileRef = 3EE5B9C022212CF70029A05C /* Main.storyboard */; };
		3EE5B9C422212CF80029A05C /* Assets.xcassets in Resources */ = {isa = PBXBuildFile; fileRef = 3EE5B9C322212CF80029A05C /* Assets.xcassets */; };
		3EE5B9C722212CF80029A05C /* LaunchScreen.storyboard in Resources */ = {isa = PBXBuildFile; fileRef = 3EE5B9C522212CF80029A05C /* LaunchScreen.storyboard */; };
		3EE5B9D4222226250029A05C /* art.scnassets in Resources */ = {isa = PBXBuildFile; fileRef = 3EE5B9D3222226250029A05C /* art.scnassets */; };
		5E4A821BD0976F8EBA7FC40A /* Pods_Whack_a_jellyfish.framework in Frameworks */ = {isa = PBXBuildFile; fileRef = 6BC79D3A6C449930A7D3950D /* Pods_Whack_a_jellyfish.framework */; };
/* End PBXBuildFile section */

/* Begin PBXFileReference section */
		038C8C3A2BF71F35593B8B6E /* Pods-Whack a jellyfish.debug.xcconfig */ = {isa = PBXFileReference; includeInIndex = 1; lastKnownFileType = text.xcconfig; name = "Pods-Whack a jellyfish.debug.xcconfig"; path = "Pods/Target Support Files/Pods-Whack a jellyfish/Pods-Whack a jellyfish.debug.xcconfig"; sourceTree = "<group>"; };
		3E96CE1A222227B8008974B0 /* Textures */ = {isa = PBXFileReference; lastKnownFileType = folder; path = Textures; sourceTree = "<group>"; };
		3EE5B9B922212CF70029A05C /* Whack a jellyfish.app */ = {isa = PBXFileReference; explicitFileType = wrapper.application; includeInIndex = 0; path = "Whack a jellyfish.app"; sourceTree = BUILT_PRODUCTS_DIR; };
		3EE5B9BC22212CF70029A05C /* AppDelegate.swift */ = {isa = PBXFileReference; lastKnownFileType = sourcecode.swift; path = AppDelegate.swift; sourceTree = "<group>"; };
		3EE5B9BE22212CF70029A05C /* ViewController.swift */ = {isa = PBXFileReference; lastKnownFileType = sourcecode.swift; path = ViewController.swift; sourceTree = "<group>"; };
		3EE5B9C122212CF70029A05C /* Base */ = {isa = PBXFileReference; lastKnownFileType = file.storyboard; name = Base; path = Base.lproj/Main.storyboard; sourceTree = "<group>"; };
		3EE5B9C322212CF80029A05C /* Assets.xcassets */ = {isa = PBXFileReference; lastKnownFileType = folder.assetcatalog; path = Assets.xcassets; sourceTree = "<group>"; };
		3EE5B9C622212CF80029A05C /* Base */ = {isa = PBXFileReference; lastKnownFileType = file.storyboard; name = Base; path = Base.lproj/LaunchScreen.storyboard; sourceTree = "<group>"; };
		3EE5B9C822212CF80029A05C /* Info.plist */ = {isa = PBXFileReference; lastKnownFileType = text.plist.xml; path = Info.plist; sourceTree = "<group>"; };
		3EE5B9D3222226250029A05C /* art.scnassets */ = {isa = PBXFileReference; lastKnownFileType = wrapper.scnassets; path = art.scnassets; sourceTree = "<group>"; };
		6BC79D3A6C449930A7D3950D /* Pods_Whack_a_jellyfish.framework */ = {isa = PBXFileReference; explicitFileType = wrapper.framework; includeInIndex = 0; path = Pods_Whack_a_jellyfish.framework; sourceTree = BUILT_PRODUCTS_DIR; };
		A4F73CD371BCD1AC822FA121 /* Pods-Whack a jellyfish.release.xcconfig */ = {isa = PBXFileReference; includeInIndex = 1; lastKnownFileType = text.xcconfig; name = "Pods-Whack a jellyfish.release.xcconfig"; path = "Pods/Target Support Files/Pods-Whack a jellyfish/Pods-Whack a jellyfish.release.xcconfig"; sourceTree = "<group>"; };
/* End PBXFileReference section */

/* Begin PBXFrameworksBuildPhase section */
		3EE5B9B622212CF70029A05C /* Frameworks */ = {
			isa = PBXFrameworksBuildPhase;
			buildActionMask = 2147483647;
			files = (
				5E4A821BD0976F8EBA7FC40A /* Pods_Whack_a_jellyfish.framework in Frameworks */,
			);
			runOnlyForDeploymentPostprocessing = 0;
		};
/* End PBXFrameworksBuildPhase section */

/* Begin PBXGroup section */
		25154A1B94D12DF6493A020D /* Pods */ = {
			isa = PBXGroup;
			children = (
				038C8C3A2BF71F35593B8B6E /* Pods-Whack a jellyfish.debug.xcconfig */,
				A4F73CD371BCD1AC822FA121 /* Pods-Whack a jellyfish.release.xcconfig */,
			);
			name = Pods;
			sourceTree = "<group>";
		};
		3EE5B9B022212CF70029A05C = {
			isa = PBXGroup;
			children = (
				3EE5B9BB22212CF70029A05C /* Whack a jellyfish */,
				3EE5B9BA22212CF70029A05C /* Products */,
				25154A1B94D12DF6493A020D /* Pods */,
				640D63CDDAD2A14869898B9E /* Frameworks */,
			);
			sourceTree = "<group>";
		};
		3EE5B9BA22212CF70029A05C /* Products */ = {
			isa = PBXGroup;
			children = (
				3EE5B9B922212CF70029A05C /* Whack a jellyfish.app */,
			);
			name = Products;
			sourceTree = "<group>";
		};
		3EE5B9BB22212CF70029A05C /* Whack a jellyfish */ = {
			isa = PBXGroup;
			children = (
				3EE5B9BC22212CF70029A05C /* AppDelegate.swift */,
				3EE5B9BE22212CF70029A05C /* ViewController.swift */,
				3EE5B9C022212CF70029A05C /* Main.storyboard */,
				3EE5B9C322212CF80029A05C /* Assets.xcassets */,
				3EE5B9C522212CF80029A05C /* LaunchScreen.storyboard */,
				3EE5B9C822212CF80029A05C /* Info.plist */,
				3E96CE1A222227B8008974B0 /* Textures */,
				3EE5B9D3222226250029A05C /* art.scnassets */,
			);
			path = "Whack a jellyfish";
			sourceTree = "<group>";
		};
		640D63CDDAD2A14869898B9E /* Frameworks */ = {
			isa = PBXGroup;
			children = (
				6BC79D3A6C449930A7D3950D /* Pods_Whack_a_jellyfish.framework */,
			);
			name = Frameworks;
			sourceTree = "<group>";
		};
/* End PBXGroup section */

/* Begin PBXNativeTarget section */
		3EE5B9B822212CF70029A05C /* Whack a jellyfish */ = {
			isa = PBXNativeTarget;
			buildConfigurationList = 3EE5B9CB22212CF80029A05C /* Build configuration list for PBXNativeTarget "Whack a jellyfish" */;
			buildPhases = (
				370718C91AEAFE46605F05F8 /* [CP] Check Pods Manifest.lock */,
				3EE5B9B522212CF70029A05C /* Sources */,
				3EE5B9B622212CF70029A05C /* Frameworks */,
				3EE5B9B722212CF70029A05C /* Resources */,
				39799C66EAC93FEE35F085FD /* [CP] Embed Pods Frameworks */,
			);
			buildRules = (
			);
			dependencies = (
			);
			name = "Whack a jellyfish";
			productName = "Whack a jellyfish";
			productReference = 3EE5B9B922212CF70029A05C /* Whack a jellyfish.app */;
			productType = "com.apple.product-type.application";
		};
/* End PBXNativeTarget section */

/* Begin PBXProject section */
		3EE5B9B122212CF70029A05C /* Project object */ = {
			isa = PBXProject;
			attributes = {
				LastSwiftUpdateCheck = 1010;
				LastUpgradeCheck = 1010;
				ORGANIZATIONNAME = "김예빈";
				TargetAttributes = {
					3EE5B9B822212CF70029A05C = {
						CreatedOnToolsVersion = 10.1;
					};
				};
			};
			buildConfigurationList = 3EE5B9B422212CF70029A05C /* Build configuration list for PBXProject "Whack a jellyfish" */;
			compatibilityVersion = "Xcode 9.3";
			developmentRegion = en;
			hasScannedForEncodings = 0;
			knownRegions = (
				en,
				Base,
			);
			mainGroup = 3EE5B9B022212CF70029A05C;
			productRefGroup = 3EE5B9BA22212CF70029A05C /* Products */;
			projectDirPath = "";
			projectRoot = "";
			targets = (
				3EE5B9B822212CF70029A05C /* Whack a jellyfish */,
			);
		};
/* End PBXProject section */

/* Begin PBXResourcesBuildPhase section */
		3EE5B9B722212CF70029A05C /* Resources */ = {
			isa = PBXResourcesBuildPhase;
			buildActionMask = 2147483647;
			files = (
				3EE5B9C722212CF80029A05C /* LaunchScreen.storyboard in Resources */,
				3EE5B9C422212CF80029A05C /* Assets.xcassets in Resources */,
				3E96CE1B222227B8008974B0 /* Textures in Resources */,
				3EE5B9D4222226250029A05C /* art.scnassets in Resources */,
				3EE5B9C222212CF70029A05C /* Main.storyboard in Resources */,
			);
			runOnlyForDeploymentPostprocessing = 0;
		};
/* End PBXResourcesBuildPhase section */

/* Begin PBXShellScriptBuildPhase section */
		370718C91AEAFE46605F05F8 /* [CP] Check Pods Manifest.lock */ = {
			isa = PBXShellScriptBuildPhase;
			buildActionMask = 2147483647;
			files = (
			);
			inputFileListPaths = (
			);
			inputPaths = (
				"${PODS_PODFILE_DIR_PATH}/Podfile.lock",
				"${PODS_ROOT}/Manifest.lock",
			);
			name = "[CP] Check Pods Manifest.lock";
			outputFileListPaths = (
			);
			outputPaths = (
				"$(DERIVED_FILE_DIR)/Pods-Whack a jellyfish-checkManifestLockResult.txt",
			);
			runOnlyForDeploymentPostprocessing = 0;
			shellPath = /bin/sh;
			shellScript = "diff \"${PODS_PODFILE_DIR_PATH}/Podfile.lock\" \"${PODS_ROOT}/Manifest.lock\" > /dev/null\nif [ $? != 0 ] ; then\n    # print error to STDERR\n    echo \"error: The sandbox is not in sync with the Podfile.lock. Run 'pod install' or update your CocoaPods installation.\" >&2\n    exit 1\nfi\n# This output is used by Xcode 'outputs' to avoid re-running this script phase.\necho \"SUCCESS\" > \"${SCRIPT_OUTPUT_FILE_0}\"\n";
			showEnvVarsInLog = 0;
		};
		39799C66EAC93FEE35F085FD /* [CP] Embed Pods Frameworks */ = {
			isa = PBXShellScriptBuildPhase;
			buildActionMask = 2147483647;
			files = (
			);
			inputFileListPaths = (
			);
			inputPaths = (
				"${SRCROOT}/Pods/Target Support Files/Pods-Whack a jellyfish/Pods-Whack a jellyfish-frameworks.sh",
				"${BUILT_PRODUCTS_DIR}/Each/Each.framework",
			);
			name = "[CP] Embed Pods Frameworks";
			outputFileListPaths = (
			);
			outputPaths = (
				"${TARGET_BUILD_DIR}/${FRAMEWORKS_FOLDER_PATH}/Each.framework",
			);
			runOnlyForDeploymentPostprocessing = 0;
			shellPath = /bin/sh;
			shellScript = "\"${SRCROOT}/Pods/Target Support Files/Pods-Whack a jellyfish/Pods-Whack a jellyfish-frameworks.sh\"\n";
			showEnvVarsInLog = 0;
		};
/* End PBXShellScriptBuildPhase section */

/* Begin PBXSourcesBuildPhase section */
		3EE5B9B522212CF70029A05C /* Sources */ = {
			isa = PBXSourcesBuildPhase;
			buildActionMask = 2147483647;
			files = (
				3EE5B9BF22212CF70029A05C /* ViewController.swift in Sources */,
				3EE5B9BD22212CF70029A05C /* AppDelegate.swift in Sources */,
			);
			runOnlyForDeploymentPostprocessing = 0;
		};
/* End PBXSourcesBuildPhase section */

/* Begin PBXVariantGroup section */
		3EE5B9C022212CF70029A05C /* Main.storyboard */ = {
			isa = PBXVariantGroup;
			children = (
				3EE5B9C122212CF70029A05C /* Base */,
			);
			name = Main.storyboard;
			sourceTree = "<group>";
		};
		3EE5B9C522212CF80029A05C /* LaunchScreen.storyboard */ = {
			isa = PBXVariantGroup;
			children = (
				3EE5B9C622212CF80029A05C /* Base */,
			);
			name = LaunchScreen.storyboard;
			sourceTree = "<group>";
		};
/* End PBXVariantGroup section */

/* Begin XCBuildConfiguration section */
		3EE5B9C922212CF80029A05C /* Debug */ = {
			isa = XCBuildConfiguration;
			buildSettings = {
				ALWAYS_SEARCH_USER_PATHS = NO;
				CLANG_ANALYZER_NONNULL = YES;
				CLANG_ANALYZER_NUMBER_OBJECT_CONVERSION = YES_AGGRESSIVE;
				CLANG_CXX_LANGUAGE_STANDARD = "gnu++14";
				CLANG_CXX_LIBRARY = "libc++";
				CLANG_ENABLE_MODULES = YES;
				CLANG_ENABLE_OBJC_ARC = YES;
				CLANG_ENABLE_OBJC_WEAK = YES;
				CLANG_WARN_BLOCK_CAPTURE_AUTORELEASING = YES;
				CLANG_WARN_BOOL_CONVERSION = YES;
				CLANG_WARN_COMMA = YES;
				CLANG_WARN_CONSTANT_CONVERSION = YES;
				CLANG_WARN_DEPRECATED_OBJC_IMPLEMENTATIONS = YES;
				CLANG_WARN_DIRECT_OBJC_ISA_USAGE = YES_ERROR;
				CLANG_WARN_DOCUMENTATION_COMMENTS = YES;
				CLANG_WARN_EMPTY_BODY = YES;
				CLANG_WARN_ENUM_CONVERSION = YES;
				CLANG_WARN_INFINITE_RECURSION = YES;
				CLANG_WARN_INT_CONVERSION = YES;
				CLANG_WARN_NON_LITERAL_NULL_CONVERSION = YES;
				CLANG_WARN_OBJC_IMPLICIT_RETAIN_SELF = YES;
				CLANG_WARN_OBJC_LITERAL_CONVERSION = YES;
				CLANG_WARN_OBJC_ROOT_CLASS = YES_ERROR;
				CLANG_WARN_RANGE_LOOP_ANALYSIS = YES;
				CLANG_WARN_STRICT_PROTOTYPES = YES;
				CLANG_WARN_SUSPICIOUS_MOVE = YES;
				CLANG_WARN_UNGUARDED_AVAILABILITY = YES_AGGRESSIVE;
				CLANG_WARN_UNREACHABLE_CODE = YES;
				CLANG_WARN__DUPLICATE_METHOD_MATCH = YES;
				CODE_SIGN_IDENTITY = "iPhone Developer";
				COPY_PHASE_STRIP = NO;
				DEBUG_INFORMATION_FORMAT = dwarf;
				ENABLE_STRICT_OBJC_MSGSEND = YES;
				ENABLE_TESTABILITY = YES;
				GCC_C_LANGUAGE_STANDARD = gnu11;
				GCC_DYNAMIC_NO_PIC = NO;
				GCC_NO_COMMON_BLOCKS = YES;
				GCC_OPTIMIZATION_LEVEL = 0;
				GCC_PREPROCESSOR_DEFINITIONS = (
					"DEBUG=1",
					"$(inherited)",
				);
				GCC_WARN_64_TO_32_BIT_CONVERSION = YES;
				GCC_WARN_ABOUT_RETURN_TYPE = YES_ERROR;
				GCC_WARN_UNDECLARED_SELECTOR = YES;
				GCC_WARN_UNINITIALIZED_AUTOS = YES_AGGRESSIVE;
				GCC_WARN_UNUSED_FUNCTION = YES;
				GCC_WARN_UNUSED_VARIABLE = YES;
				IPHONEOS_DEPLOYMENT_TARGET = 12.1;
				MTL_ENABLE_DEBUG_INFO = INCLUDE_SOURCE;
				MTL_FAST_MATH = YES;
				ONLY_ACTIVE_ARCH = YES;
				SDKROOT = iphoneos;
				SWIFT_ACTIVE_COMPILATION_CONDITIONS = DEBUG;
				SWIFT_OPTIMIZATION_LEVEL = "-Onone";
			};
			name = Debug;
		};
		3EE5B9CA22212CF80029A05C /* Release */ = {
			isa = XCBuildConfiguration;
			buildSettings = {
				ALWAYS_SEARCH_USER_PATHS = NO;
				CLANG_ANALYZER_NONNULL = YES;
				CLANG_ANALYZER_NUMBER_OBJECT_CONVERSION = YES_AGGRESSIVE;
				CLANG_CXX_LANGUAGE_STANDARD = "gnu++14";
				CLANG_CXX_LIBRARY = "libc++";
				CLANG_ENABLE_MODULES = YES;
				CLANG_ENABLE_OBJC_ARC = YES;
				CLANG_ENABLE_OBJC_WEAK = YES;
				CLANG_WARN_BLOCK_CAPTURE_AUTORELEASING = YES;
				CLANG_WARN_BOOL_CONVERSION = YES;
				CLANG_WARN_COMMA = YES;
				CLANG_WARN_CONSTANT_CONVERSION = YES;
				CLANG_WARN_DEPRECATED_OBJC_IMPLEMENTATIONS = YES;
				CLANG_WARN_DIRECT_OBJC_ISA_USAGE = YES_ERROR;
				CLANG_WARN_DOCUMENTATION_COMMENTS = YES;
				CLANG_WARN_EMPTY_BODY = YES;
				CLANG_WARN_ENUM_CONVERSION = YES;
				CLANG_WARN_INFINITE_RECURSION = YES;
				CLANG_WARN_INT_CONVERSION = YES;
				CLANG_WARN_NON_LITERAL_NULL_CONVERSION = YES;
				CLANG_WARN_OBJC_IMPLICIT_RETAIN_SELF = YES;
				CLANG_WARN_OBJC_LITERAL_CONVERSION = YES;
				CLANG_WARN_OBJC_ROOT_CLASS = YES_ERROR;
				CLANG_WARN_RANGE_LOOP_ANALYSIS = YES;
				CLANG_WARN_STRICT_PROTOTYPES = YES;
				CLANG_WARN_SUSPICIOUS_MOVE = YES;
				CLANG_WARN_UNGUARDED_AVAILABILITY = YES_AGGRESSIVE;
				CLANG_WARN_UNREACHABLE_CODE = YES;
				CLANG_WARN__DUPLICATE_METHOD_MATCH = YES;
				CODE_SIGN_IDENTITY = "iPhone Developer";
				COPY_PHASE_STRIP = NO;
				DEBUG_INFORMATION_FORMAT = "dwarf-with-dsym";
				ENABLE_NS_ASSERTIONS = NO;
				ENABLE_STRICT_OBJC_MSGSEND = YES;
				GCC_C_LANGUAGE_STANDARD = gnu11;
				GCC_NO_COMMON_BLOCKS = YES;
				GCC_WARN_64_TO_32_BIT_CONVERSION = YES;
				GCC_WARN_ABOUT_RETURN_TYPE = YES_ERROR;
				GCC_WARN_UNDECLARED_SELECTOR = YES;
				GCC_WARN_UNINITIALIZED_AUTOS = YES_AGGRESSIVE;
				GCC_WARN_UNUSED_FUNCTION = YES;
				GCC_WARN_UNUSED_VARIABLE = YES;
				IPHONEOS_DEPLOYMENT_TARGET = 12.1;
				MTL_ENABLE_DEBUG_INFO = NO;
				MTL_FAST_MATH = YES;
				SDKROOT = iphoneos;
				SWIFT_COMPILATION_MODE = wholemodule;
				SWIFT_OPTIMIZATION_LEVEL = "-O";
				VALIDATE_PRODUCT = YES;
			};
			name = Release;
		};
		3EE5B9CC22212CF80029A05C /* Debug */ = {
			isa = XCBuildConfiguration;
			baseConfigurationReference = 038C8C3A2BF71F35593B8B6E /* Pods-Whack a jellyfish.debug.xcconfig */;
			buildSettings = {
				ASSETCATALOG_COMPILER_APPICON_NAME = AppIcon;
				CODE_SIGN_STYLE = Automatic;
				DEVELOPMENT_TEAM = G5RZ7AYRC2;
				INFOPLIST_FILE = "Whack a jellyfish/Info.plist";
				LD_RUNPATH_SEARCH_PATHS = (
					"$(inherited)",
					"@executable_path/Frameworks",
				);
				PRODUCT_BUNDLE_IDENTIFIER = "swu.ac.kr.Whack-a-jellyfish";
				PRODUCT_NAME = "$(TARGET_NAME)";
				SWIFT_VERSION = 4.2;
				TARGETED_DEVICE_FAMILY = "1,2";
			};
			name = Debug;
		};
		3EE5B9CD22212CF80029A05C /* Release */ = {
			isa = XCBuildConfiguration;
			baseConfigurationReference = A4F73CD371BCD1AC822FA121 /* Pods-Whack a jellyfish.release.xcconfig */;
			buildSettings = {
				ASSETCATALOG_COMPILER_APPICON_NAME = AppIcon;
				CODE_SIGN_STYLE = Automatic;
				DEVELOPMENT_TEAM = G5RZ7AYRC2;
				INFOPLIST_FILE = "Whack a jellyfish/Info.plist";
				LD_RUNPATH_SEARCH_PATHS = (
					"$(inherited)",
					"@executable_path/Frameworks",
				);
				PRODUCT_BUNDLE_IDENTIFIER = "swu.ac.kr.Whack-a-jellyfish";
				PRODUCT_NAME = "$(TARGET_NAME)";
				SWIFT_OPTIMIZATION_LEVEL = "-O";
				SWIFT_VERSION = 4.2;
				TARGETED_DEVICE_FAMILY = "1,2";
			};
			name = Release;
		};
/* End XCBuildConfiguration section */

/* Begin XCConfigurationList section */
		3EE5B9B422212CF70029A05C /* Build configuration list for PBXProject "Whack a jellyfish" */ = {
			isa = XCConfigurationList;
			buildConfigurations = (
				3EE5B9C922212CF80029A05C /* Debug */,
				3EE5B9CA22212CF80029A05C /* Release */,
			);
			defaultConfigurationIsVisible = 0;
			defaultConfigurationName = Release;
		};
		3EE5B9CB22212CF80029A05C /* Build configuration list for PBXNativeTarget "Whack a jellyfish" */ = {
			isa = XCConfigurationList;
			buildConfigurations = (
				3EE5B9CC22212CF80029A05C /* Debug */,
				3EE5B9CD22212CF80029A05C /* Release */,
			);
			defaultConfigurationIsVisible = 0;
			defaultConfigurationName = Release;
		};
/* End XCConfigurationList section */
	};
	rootObject = 3EE5B9B122212CF70029A05C /* Project object */;
}
