// !$*UTF8*$!
{
	archiveVersion = 1;
	classes = {
	};
	objectVersion = 50;
	objects = {

/* Begin PBXBuildFile section */
		3E7EDE8C222E5E1B00EE0A63 /* AppDelegate.swift in Sources */ = {isa = PBXBuildFile; fileRef = 3E7EDE8B222E5E1B00EE0A63 /* AppDelegate.swift */; };
		3E7EDE8E222E5E1B00EE0A63 /* ViewController.swift in Sources */ = {isa = PBXBuildFile; fileRef = 3E7EDE8D222E5E1B00EE0A63 /* ViewController.swift */; };
		3E7EDE91222E5E1B00EE0A63 /* Main.storyboard in Resources */ = {isa = PBXBuildFile; fileRef = 3E7EDE8F222E5E1B00EE0A63 /* Main.storyboard */; };
		3E7EDE93222E5E1B00EE0A63 /* Assets.xcassets in Resources */ = {isa = PBXBuildFile; fileRef = 3E7EDE92222E5E1B00EE0A63 /* Assets.xcassets */; };
		3E7EDE96222E5E1B00EE0A63 /* LaunchScreen.storyboard in Resources */ = {isa = PBXBuildFile; fileRef = 3E7EDE94222E5E1B00EE0A63 /* LaunchScreen.storyboard */; };
		3E7EDEA0222E5F7B00EE0A63 /* Media.scnassets in Resources */ = {isa = PBXBuildFile; fileRef = 3E7EDE9F222E5F7B00EE0A63 /* Media.scnassets */; };
/* End PBXBuildFile section */

/* Begin PBXFileReference section */
		3E7EDE88222E5E1B00EE0A63 /* AR Shooter.app */ = {isa = PBXFileReference; explicitFileType = wrapper.application; includeInIndex = 0; path = "AR Shooter.app"; sourceTree = BUILT_PRODUCTS_DIR; };
		3E7EDE8B222E5E1B00EE0A63 /* AppDelegate.swift */ = {isa = PBXFileReference; lastKnownFileType = sourcecode.swift; path = AppDelegate.swift; sourceTree = "<group>"; };
		3E7EDE8D222E5E1B00EE0A63 /* ViewController.swift */ = {isa = PBXFileReference; lastKnownFileType = sourcecode.swift; path = ViewController.swift; sourceTree = "<group>"; };
		3E7EDE90222E5E1B00EE0A63 /* Base */ = {isa = PBXFileReference; lastKnownFileType = file.storyboard; name = Base; path = Base.lproj/Main.storyboard; sourceTree = "<group>"; };
		3E7EDE92222E5E1B00EE0A63 /* Assets.xcassets */ = {isa = PBXFileReference; lastKnownFileType = folder.assetcatalog; path = Assets.xcassets; sourceTree = "<group>"; };
		3E7EDE95222E5E1B00EE0A63 /* Base */ = {isa = PBXFileReference; lastKnownFileType = file.storyboard; name = Base; path = Base.lproj/LaunchScreen.storyboard; sourceTree = "<group>"; };
		3E7EDE97222E5E1B00EE0A63 /* Info.plist */ = {isa = PBXFileReference; lastKnownFileType = text.plist.xml; path = Info.plist; sourceTree = "<group>"; };
		3E7EDE9F222E5F7B00EE0A63 /* Media.scnassets */ = {isa = PBXFileReference; lastKnownFileType = wrapper.scnassets; path = Media.scnassets; sourceTree = "<group>"; };
		3E7EDEA922301B9100EE0A63 /* Fire.scnp */ = {isa = PBXFileReference; lastKnownFileType = file.scp; path = Fire.scnp; sourceTree = "<group>"; };
		3E7EDEAA22301B9100EE0A63 /* Confetti.scnp */ = {isa = PBXFileReference; lastKnownFileType = file.scp; path = Confetti.scnp; sourceTree = "<group>"; };
		3E7EDEAB22301B9100EE0A63 /* spark.png */ = {isa = PBXFileReference; lastKnownFileType = image.png; path = spark.png; sourceTree = "<group>"; };
/* End PBXFileReference section */

/* Begin PBXFrameworksBuildPhase section */
		3E7EDE85222E5E1B00EE0A63 /* Frameworks */ = {
			isa = PBXFrameworksBuildPhase;
			buildActionMask = 2147483647;
			files = (
			);
			runOnlyForDeploymentPostprocessing = 0;
		};
/* End PBXFrameworksBuildPhase section */

/* Begin PBXGroup section */
		3E7EDE7F222E5E1B00EE0A63 = {
			isa = PBXGroup;
			children = (
				3E7EDE8A222E5E1B00EE0A63 /* AR Shooter */,
				3E7EDE89222E5E1B00EE0A63 /* Products */,
			);
			sourceTree = "<group>";
		};
		3E7EDE89222E5E1B00EE0A63 /* Products */ = {
			isa = PBXGroup;
			children = (
				3E7EDE88222E5E1B00EE0A63 /* AR Shooter.app */,
			);
			name = Products;
			sourceTree = "<group>";
		};
		3E7EDE8A222E5E1B00EE0A63 /* AR Shooter */ = {
			isa = PBXGroup;
			children = (
				3E7EDE8B222E5E1B00EE0A63 /* AppDelegate.swift */,
				3E7EDE8D222E5E1B00EE0A63 /* ViewController.swift */,
				3E7EDE8F222E5E1B00EE0A63 /* Main.storyboard */,
				3E7EDE92222E5E1B00EE0A63 /* Assets.xcassets */,
				3E7EDE94222E5E1B00EE0A63 /* LaunchScreen.storyboard */,
				3E7EDE97222E5E1B00EE0A63 /* Info.plist */,
				3E7EDEAA22301B9100EE0A63 /* Confetti.scnp */,
				3E7EDEA922301B9100EE0A63 /* Fire.scnp */,
				3E7EDEAB22301B9100EE0A63 /* spark.png */,
				3E7EDE9F222E5F7B00EE0A63 /* Media.scnassets */,
			);
			path = "AR Shooter";
			sourceTree = "<group>";
		};
/* End PBXGroup section */

/* Begin PBXNativeTarget section */
		3E7EDE87222E5E1B00EE0A63 /* AR Shooter */ = {
			isa = PBXNativeTarget;
			buildConfigurationList = 3E7EDE9A222E5E1B00EE0A63 /* Build configuration list for PBXNativeTarget "AR Shooter" */;
			buildPhases = (
				3E7EDE84222E5E1B00EE0A63 /* Sources */,
				3E7EDE85222E5E1B00EE0A63 /* Frameworks */,
				3E7EDE86222E5E1B00EE0A63 /* Resources */,
			);
			buildRules = (
			);
			dependencies = (
			);
			name = "AR Shooter";
			productName = "AR Shooter";
			productReference = 3E7EDE88222E5E1B00EE0A63 /* AR Shooter.app */;
			productType = "com.apple.product-type.application";
		};
/* End PBXNativeTarget section */

/* Begin PBXProject section */
		3E7EDE80222E5E1B00EE0A63 /* Project object */ = {
			isa = PBXProject;
			attributes = {
				LastSwiftUpdateCheck = 1010;
				LastUpgradeCheck = 1010;
				ORGANIZATIONNAME = "김예빈";
				TargetAttributes = {
					3E7EDE87222E5E1B00EE0A63 = {
						CreatedOnToolsVersion = 10.1;
					};
				};
			};
			buildConfigurationList = 3E7EDE83222E5E1B00EE0A63 /* Build configuration list for PBXProject "AR Shooter" */;
			compatibilityVersion = "Xcode 9.3";
			developmentRegion = en;
			hasScannedForEncodings = 0;
			knownRegions = (
				en,
				Base,
			);
			mainGroup = 3E7EDE7F222E5E1B00EE0A63;
			productRefGroup = 3E7EDE89222E5E1B00EE0A63 /* Products */;
			projectDirPath = "";
			projectRoot = "";
			targets = (
				3E7EDE87222E5E1B00EE0A63 /* AR Shooter */,
			);
		};
/* End PBXProject section */

/* Begin PBXResourcesBuildPhase section */
		3E7EDE86222E5E1B00EE0A63 /* Resources */ = {
			isa = PBXResourcesBuildPhase;
			buildActionMask = 2147483647;
			files = (
				3E7EDE96222E5E1B00EE0A63 /* LaunchScreen.storyboard in Resources */,
				3E7EDE93222E5E1B00EE0A63 /* Assets.xcassets in Resources */,
				3E7EDE91222E5E1B00EE0A63 /* Main.storyboard in Resources */,
				3E7EDEA0222E5F7B00EE0A63 /* Media.scnassets in Resources */,
			);
			runOnlyForDeploymentPostprocessing = 0;
		};
/* End PBXResourcesBuildPhase section */

/* Begin PBXSourcesBuildPhase section */
		3E7EDE84222E5E1B00EE0A63 /* Sources */ = {
			isa = PBXSourcesBuildPhase;
			buildActionMask = 2147483647;
			files = (
				3E7EDE8E222E5E1B00EE0A63 /* ViewController.swift in Sources */,
				3E7EDE8C222E5E1B00EE0A63 /* AppDelegate.swift in Sources */,
			);
			runOnlyForDeploymentPostprocessing = 0;
		};
/* End PBXSourcesBuildPhase section */

/* Begin PBXVariantGroup section */
		3E7EDE8F222E5E1B00EE0A63 /* Main.storyboard */ = {
			isa = PBXVariantGroup;
			children = (
				3E7EDE90222E5E1B00EE0A63 /* Base */,
			);
			name = Main.storyboard;
			sourceTree = "<group>";
		};
		3E7EDE94222E5E1B00EE0A63 /* LaunchScreen.storyboard */ = {
			isa = PBXVariantGroup;
			children = (
				3E7EDE95222E5E1B00EE0A63 /* Base */,
			);
			name = LaunchScreen.storyboard;
			sourceTree = "<group>";
		};
/* End PBXVariantGroup section */

/* Begin XCBuildConfiguration section */
		3E7EDE98222E5E1B00EE0A63 /* Debug */ = {
			isa = XCBuildConfiguration;
			buildSettings = {
				ALWAYS_SEARCH_USER_PATHS = NO;
				CLANG_ANALYZER_NONNULL = YES;
				CLANG_ANALYZER_NUMBER_OBJECT_CONVERSION = YES_AGGRESSIVE;
				CLANG_CXX_LANGUAGE_STANDARD = "gnu++14";
				CLANG_CXX_LIBRARY = "libc++";
				CLANG_ENABLE_MODULES = YES;
				CLANG_ENABLE_OBJC_ARC = YES;
				CLANG_ENABLE_OBJC_WEAK = YES;
				CLANG_WARN_BLOCK_CAPTURE_AUTORELEASING = YES;
				CLANG_WARN_BOOL_CONVERSION = YES;
				CLANG_WARN_COMMA = YES;
				CLANG_WARN_CONSTANT_CONVERSION = YES;
				CLANG_WARN_DEPRECATED_OBJC_IMPLEMENTATIONS = YES;
				CLANG_WARN_DIRECT_OBJC_ISA_USAGE = YES_ERROR;
				CLANG_WARN_DOCUMENTATION_COMMENTS = YES;
				CLANG_WARN_EMPTY_BODY = YES;
				CLANG_WARN_ENUM_CONVERSION = YES;
				CLANG_WARN_INFINITE_RECURSION = YES;
				CLANG_WARN_INT_CONVERSION = YES;
				CLANG_WARN_NON_LITERAL_NULL_CONVERSION = YES;
				CLANG_WARN_OBJC_IMPLICIT_RETAIN_SELF = YES;
				CLANG_WARN_OBJC_LITERAL_CONVERSION = YES;
				CLANG_WARN_OBJC_ROOT_CLASS = YES_ERROR;
				CLANG_WARN_RANGE_LOOP_ANALYSIS = YES;
				CLANG_WARN_STRICT_PROTOTYPES = YES;
				CLANG_WARN_SUSPICIOUS_MOVE = YES;
				CLANG_WARN_UNGUARDED_AVAILABILITY = YES_AGGRESSIVE;
				CLANG_WARN_UNREACHABLE_CODE = YES;
				CLANG_WARN__DUPLICATE_METHOD_MATCH = YES;
				CODE_SIGN_IDENTITY = "iPhone Developer";
				COPY_PHASE_STRIP = NO;
				DEBUG_INFORMATION_FORMAT = dwarf;
				ENABLE_STRICT_OBJC_MSGSEND = YES;
				ENABLE_TESTABILITY = YES;
				GCC_C_LANGUAGE_STANDARD = gnu11;
				GCC_DYNAMIC_NO_PIC = NO;
				GCC_NO_COMMON_BLOCKS = YES;
				GCC_OPTIMIZATION_LEVEL = 0;
				GCC_PREPROCESSOR_DEFINITIONS = (
					"DEBUG=1",
					"$(inherited)",
				);
				GCC_WARN_64_TO_32_BIT_CONVERSION = YES;
				GCC_WARN_ABOUT_RETURN_TYPE = YES_ERROR;
				GCC_WARN_UNDECLARED_SELECTOR = YES;
				GCC_WARN_UNINITIALIZED_AUTOS = YES_AGGRESSIVE;
				GCC_WARN_UNUSED_FUNCTION = YES;
				GCC_WARN_UNUSED_VARIABLE = YES;
				IPHONEOS_DEPLOYMENT_TARGET = 12.1;
				MTL_ENABLE_DEBUG_INFO = INCLUDE_SOURCE;
				MTL_FAST_MATH = YES;
				ONLY_ACTIVE_ARCH = YES;
				SDKROOT = iphoneos;
				SWIFT_ACTIVE_COMPILATION_CONDITIONS = DEBUG;
				SWIFT_OPTIMIZATION_LEVEL = "-Onone";
			};
			name = Debug;
		};
		3E7EDE99222E5E1B00EE0A63 /* Release */ = {
			isa = XCBuildConfiguration;
			buildSettings = {
				ALWAYS_SEARCH_USER_PATHS = NO;
				CLANG_ANALYZER_NONNULL = YES;
				CLANG_ANALYZER_NUMBER_OBJECT_CONVERSION = YES_AGGRESSIVE;
				CLANG_CXX_LANGUAGE_STANDARD = "gnu++14";
				CLANG_CXX_LIBRARY = "libc++";
				CLANG_ENABLE_MODULES = YES;
				CLANG_ENABLE_OBJC_ARC = YES;
				CLANG_ENABLE_OBJC_WEAK = YES;
				CLANG_WARN_BLOCK_CAPTURE_AUTORELEASING = YES;
				CLANG_WARN_BOOL_CONVERSION = YES;
				CLANG_WARN_COMMA = YES;
				CLANG_WARN_CONSTANT_CONVERSION = YES;
				CLANG_WARN_DEPRECATED_OBJC_IMPLEMENTATIONS = YES;
				CLANG_WARN_DIRECT_OBJC_ISA_USAGE = YES_ERROR;
				CLANG_WARN_DOCUMENTATION_COMMENTS = YES;
				CLANG_WARN_EMPTY_BODY = YES;
				CLANG_WARN_ENUM_CONVERSION = YES;
				CLANG_WARN_INFINITE_RECURSION = YES;
				CLANG_WARN_INT_CONVERSION = YES;
				CLANG_WARN_NON_LITERAL_NULL_CONVERSION = YES;
				CLANG_WARN_OBJC_IMPLICIT_RETAIN_SELF = YES;
				CLANG_WARN_OBJC_LITERAL_CONVERSION = YES;
				CLANG_WARN_OBJC_ROOT_CLASS = YES_ERROR;
				CLANG_WARN_RANGE_LOOP_ANALYSIS = YES;
				CLANG_WARN_STRICT_PROTOTYPES = YES;
				CLANG_WARN_SUSPICIOUS_MOVE = YES;
				CLANG_WARN_UNGUARDED_AVAILABILITY = YES_AGGRESSIVE;
				CLANG_WARN_UNREACHABLE_CODE = YES;
				CLANG_WARN__DUPLICATE_METHOD_MATCH = YES;
				CODE_SIGN_IDENTITY = "iPhone Developer";
				COPY_PHASE_STRIP = NO;
				DEBUG_INFORMATION_FORMAT = "dwarf-with-dsym";
				ENABLE_NS_ASSERTIONS = NO;
				ENABLE_STRICT_OBJC_MSGSEND = YES;
				GCC_C_LANGUAGE_STANDARD = gnu11;
				GCC_NO_COMMON_BLOCKS = YES;
				GCC_WARN_64_TO_32_BIT_CONVERSION = YES;
				GCC_WARN_ABOUT_RETURN_TYPE = YES_ERROR;
				GCC_WARN_UNDECLARED_SELECTOR = YES;
				GCC_WARN_UNINITIALIZED_AUTOS = YES_AGGRESSIVE;
				GCC_WARN_UNUSED_FUNCTION = YES;
				GCC_WARN_UNUSED_VARIABLE = YES;
				IPHONEOS_DEPLOYMENT_TARGET = 12.1;
				MTL_ENABLE_DEBUG_INFO = NO;
				MTL_FAST_MATH = YES;
				SDKROOT = iphoneos;
				SWIFT_COMPILATION_MODE = wholemodule;
				SWIFT_OPTIMIZATION_LEVEL = "-O";
				VALIDATE_PRODUCT = YES;
			};
			name = Release;
		};
		3E7EDE9B222E5E1B00EE0A63 /* Debug */ = {
			isa = XCBuildConfiguration;
			buildSettings = {
				ASSETCATALOG_COMPILER_APPICON_NAME = AppIcon;
				CODE_SIGN_STYLE = Automatic;
				DEVELOPMENT_TEAM = G5RZ7AYRC2;
				INFOPLIST_FILE = "AR Shooter/Info.plist";
				LD_RUNPATH_SEARCH_PATHS = (
					"$(inherited)",
					"@executable_path/Frameworks",
				);
				PRODUCT_BUNDLE_IDENTIFIER = "swu.ac.kr.AR-Shooter";
				PRODUCT_NAME = "$(TARGET_NAME)";
				SWIFT_VERSION = 4.2;
				TARGETED_DEVICE_FAMILY = "1,2";
			};
			name = Debug;
		};
		3E7EDE9C222E5E1B00EE0A63 /* Release */ = {
			isa = XCBuildConfiguration;
			buildSettings = {
				ASSETCATALOG_COMPILER_APPICON_NAME = AppIcon;
				CODE_SIGN_STYLE = Automatic;
				DEVELOPMENT_TEAM = G5RZ7AYRC2;
				INFOPLIST_FILE = "AR Shooter/Info.plist";
				LD_RUNPATH_SEARCH_PATHS = (
					"$(inherited)",
					"@executable_path/Frameworks",
				);
				PRODUCT_BUNDLE_IDENTIFIER = "swu.ac.kr.AR-Shooter";
				PRODUCT_NAME = "$(TARGET_NAME)";
				SWIFT_VERSION = 4.2;
				TARGETED_DEVICE_FAMILY = "1,2";
			};
			name = Release;
		};
/* End XCBuildConfiguration section */

/* Begin XCConfigurationList section */
		3E7EDE83222E5E1B00EE0A63 /* Build configuration list for PBXProject "AR Shooter" */ = {
			isa = XCConfigurationList;
			buildConfigurations = (
				3E7EDE98222E5E1B00EE0A63 /* Debug */,
				3E7EDE99222E5E1B00EE0A63 /* Release */,
			);
			defaultConfigurationIsVisible = 0;
			defaultConfigurationName = Release;
		};
		3E7EDE9A222E5E1B00EE0A63 /* Build configuration list for PBXNativeTarget "AR Shooter" */ = {
			isa = XCConfigurationList;
			buildConfigurations = (
				3E7EDE9B222E5E1B00EE0A63 /* Debug */,
				3E7EDE9C222E5E1B00EE0A63 /* Release */,
			);
			defaultConfigurationIsVisible = 0;
			defaultConfigurationName = Release;
		};
/* End XCConfigurationList section */
	};
	rootObject = 3E7EDE80222E5E1B00EE0A63 /* Project object */;
}
